
Microsoft Visual Studio Solution File, Format Version 12.00
# Visual Studio Version 17
VisualStudioVersion = 17.4.33205.214
MinimumVisualStudioVersion = 10.0.40219.1
Project("{FAE04EC0-301F-11D3-BF4B-00C04F79EFBC}") = "QuestPDFPreviewer", "QuestPDFPreviewer.csproj", "{AEAD4455-D8D9-4435-8003-864D91E724D9}"
EndProject
Global
	GlobalSection(SolutionConfigurationPlatforms) = preSolution
		Debug|Any CPU = Debug|Any CPU
		Release|Any CPU = Release|Any CPU
	EndGlobalSection
	GlobalSection(ProjectConfigurationPlatforms) = postSolution
		{AEAD4455-D8D9-4435-8003-864D91E724D9}.Debug|Any CPU.ActiveCfg = Debug|Any CPU
		{AEAD4455-D8D9-4435-8003-864D91E724D9}.Debug|Any CPU.Build.0 = Debug|Any CPU
		{AEAD4455-D8D9-4435-8003-864D91E724D9}.Release|Any CPU.ActiveCfg = Release|Any CPU
		{AEAD4455-D8D9-4435-8003-864D91E724D9}.Release|Any CPU.Build.0 = Release|Any CPU
	EndGlobalSection
	GlobalSection(SolutionProperties) = preSolution
		HideSolutionNode = FALSE
	EndGlobalSection
	GlobalSection(ExtensibilityGlobals) = postSolution
		SolutionGuid = {27EE4DCF-50E3-4E5E-8966-D0F67DA1316A}
	EndGlobalSection
EndGlobal
